
Microsoft Visual Studio Solution File, Format Version 12.00
# Visual Studio 15
Project("{FAE04EC0-301F-11D3-BF4B-00C04F79EFBC}") = "BinarySearchTree", "BinarySearchTree\BinarySearchTree.csproj", "{54616110-3466-4C4D-A3C0-2110D865F640}"
EndProject
Project("{FAE04EC0-301F-11D3-BF4B-00C04F79EFBC}") = "BinarySearchTree.Tests", "BinarySearchTree.Tests\BinarySearchTree.Tests.csproj", "{0BF0156A-9887-459C-B868-5947476F170F}"
EndProject
Global
	GlobalSection(SolutionConfigurationPlatforms) = preSolution
		Debug|Any CPU = Debug|Any CPU
		Release|Any CPU = Release|Any CPU
	EndGlobalSection
	GlobalSection(ProjectConfigurationPlatforms) = postSolution
		{54616110-3466-4C4D-A3C0-2110D865F640}.Debug|Any CPU.ActiveCfg = Debug|Any CPU
		{54616110-3466-4C4D-A3C0-2110D865F640}.Debug|Any CPU.Build.0 = Debug|Any CPU
		{54616110-3466-4C4D-A3C0-2110D865F640}.Release|Any CPU.ActiveCfg = Release|Any CPU
		{54616110-3466-4C4D-A3C0-2110D865F640}.Release|Any CPU.Build.0 = Release|Any CPU
		{0BF0156A-9887-459C-B868-5947476F170F}.Debug|Any CPU.ActiveCfg = Debug|Any CPU
		{0BF0156A-9887-459C-B868-5947476F170F}.Debug|Any CPU.Build.0 = Debug|Any CPU
		{0BF0156A-9887-459C-B868-5947476F170F}.Release|Any CPU.ActiveCfg = Release|Any CPU
		{0BF0156A-9887-459C-B868-5947476F170F}.Release|Any CPU.Build.0 = Release|Any CPU
	EndGlobalSection
EndGlobal
